// !$*UTF8*$!
{
	archiveVersion = 1;
	classes = {
	};
	objectVersion = 50;
	objects = {

/* Begin PBXBuildFile section */
		9142845826ECB62D005A0E12 /* GratefullyApp.swift in Sources */ = {isa = PBXBuildFile; fileRef = 9142845726ECB62D005A0E12 /* GratefullyApp.swift */; };
		9142845A26ECB62D005A0E12 /* MainView.swift in Sources */ = {isa = PBXBuildFile; fileRef = 9142845926ECB62D005A0E12 /* MainView.swift */; };
		9142845C26ECB632005A0E12 /* Assets.xcassets in Resources */ = {isa = PBXBuildFile; fileRef = 9142845B26ECB632005A0E12 /* Assets.xcassets */; };
		9142845F26ECB632005A0E12 /* Preview Assets.xcassets in Resources */ = {isa = PBXBuildFile; fileRef = 9142845E26ECB632005A0E12 /* Preview Assets.xcassets */; };
		916FB54126F61A630001043D /* DayTime+CaseIterable.swift in Sources */ = {isa = PBXBuildFile; fileRef = 916FB54026F61A630001043D /* DayTime+CaseIterable.swift */; };
		916FB54526F63FA30001043D /* LocalStorage.swift in Sources */ = {isa = PBXBuildFile; fileRef = 916FB54426F63FA30001043D /* LocalStorage.swift */; };
		916FB54826F6549A0001043D /* FakeLocalStorage.swift in Sources */ = {isa = PBXBuildFile; fileRef = 916FB54726F6549A0001043D /* FakeLocalStorage.swift */; };
		916FB54B26F683D50001043D /* LocalStorageTests.swift in Sources */ = {isa = PBXBuildFile; fileRef = 916FB54A26F683D50001043D /* LocalStorageTests.swift */; };
		91FF1D7126EE3726000E12F0 /* DayTime.swift in Sources */ = {isa = PBXBuildFile; fileRef = 91FF1D7026EE3726000E12F0 /* DayTime.swift */; };
		91FF1D7426EE3974000E12F0 /* CheckInProvider.swift in Sources */ = {isa = PBXBuildFile; fileRef = 91FF1D7326EE3974000E12F0 /* CheckInProvider.swift */; };
		91FF1D7626EE3E98000E12F0 /* CheckInProviderTests.swift in Sources */ = {isa = PBXBuildFile; fileRef = 91FF1D7526EE3E98000E12F0 /* CheckInProviderTests.swift */; };
/* End PBXBuildFile section */

/* Begin PBXContainerItemProxy section */
		9142846626ECB632005A0E12 /* PBXContainerItemProxy */ = {
			isa = PBXContainerItemProxy;
			containerPortal = 9142844C26ECB62C005A0E12 /* Project object */;
			proxyType = 1;
			remoteGlobalIDString = 9142845326ECB62D005A0E12;
			remoteInfo = Grateful.ly;
		};
/* End PBXContainerItemProxy section */

/* Begin PBXFileReference section */
		9142845426ECB62D005A0E12 /* Grateful.ly.app */ = {isa = PBXFileReference; explicitFileType = wrapper.application; includeInIndex = 0; path = Grateful.ly.app; sourceTree = BUILT_PRODUCTS_DIR; };
		9142845726ECB62D005A0E12 /* GratefullyApp.swift */ = {isa = PBXFileReference; lastKnownFileType = sourcecode.swift; path = GratefullyApp.swift; sourceTree = "<group>"; };
		9142845926ECB62D005A0E12 /* MainView.swift */ = {isa = PBXFileReference; lastKnownFileType = sourcecode.swift; path = MainView.swift; sourceTree = "<group>"; };
		9142845B26ECB632005A0E12 /* Assets.xcassets */ = {isa = PBXFileReference; lastKnownFileType = folder.assetcatalog; path = Assets.xcassets; sourceTree = "<group>"; };
		9142845E26ECB632005A0E12 /* Preview Assets.xcassets */ = {isa = PBXFileReference; lastKnownFileType = folder.assetcatalog; path = "Preview Assets.xcassets"; sourceTree = "<group>"; };
		9142846026ECB632005A0E12 /* Info.plist */ = {isa = PBXFileReference; lastKnownFileType = text.plist.xml; path = Info.plist; sourceTree = "<group>"; };
		9142846526ECB632005A0E12 /* GratefullyTests.xctest */ = {isa = PBXFileReference; explicitFileType = wrapper.cfbundle; includeInIndex = 0; path = GratefullyTests.xctest; sourceTree = BUILT_PRODUCTS_DIR; };
		9142846B26ECB632005A0E12 /* Info.plist */ = {isa = PBXFileReference; lastKnownFileType = text.plist.xml; path = Info.plist; sourceTree = "<group>"; };
		916FB54026F61A630001043D /* DayTime+CaseIterable.swift */ = {isa = PBXFileReference; lastKnownFileType = sourcecode.swift; path = "DayTime+CaseIterable.swift"; sourceTree = "<group>"; };
		916FB54426F63FA30001043D /* LocalStorage.swift */ = {isa = PBXFileReference; lastKnownFileType = sourcecode.swift; path = LocalStorage.swift; sourceTree = "<group>"; };
		916FB54726F6549A0001043D /* FakeLocalStorage.swift */ = {isa = PBXFileReference; lastKnownFileType = sourcecode.swift; path = FakeLocalStorage.swift; sourceTree = "<group>"; };
		916FB54A26F683D50001043D /* LocalStorageTests.swift */ = {isa = PBXFileReference; lastKnownFileType = sourcecode.swift; path = LocalStorageTests.swift; sourceTree = "<group>"; };
		91FF1D7026EE3726000E12F0 /* DayTime.swift */ = {isa = PBXFileReference; lastKnownFileType = sourcecode.swift; path = DayTime.swift; sourceTree = "<group>"; };
		91FF1D7326EE3974000E12F0 /* CheckInProvider.swift */ = {isa = PBXFileReference; lastKnownFileType = sourcecode.swift; path = CheckInProvider.swift; sourceTree = "<group>"; };
		91FF1D7526EE3E98000E12F0 /* CheckInProviderTests.swift */ = {isa = PBXFileReference; lastKnownFileType = sourcecode.swift; path = CheckInProviderTests.swift; sourceTree = "<group>"; };
/* End PBXFileReference section */

/* Begin PBXFrameworksBuildPhase section */
		9142845126ECB62D005A0E12 /* Frameworks */ = {
			isa = PBXFrameworksBuildPhase;
			buildActionMask = 2147483647;
			files = (
			);
			runOnlyForDeploymentPostprocessing = 0;
		};
		9142846226ECB632005A0E12 /* Frameworks */ = {
			isa = PBXFrameworksBuildPhase;
			buildActionMask = 2147483647;
			files = (
			);
			runOnlyForDeploymentPostprocessing = 0;
		};
/* End PBXFrameworksBuildPhase section */

/* Begin PBXGroup section */
		9142844B26ECB62C005A0E12 = {
			isa = PBXGroup;
			children = (
				9142845626ECB62D005A0E12 /* App */,
				9142846826ECB632005A0E12 /* Tests */,
				9142845526ECB62D005A0E12 /* Products */,
			);
			sourceTree = "<group>";
		};
		9142845526ECB62D005A0E12 /* Products */ = {
			isa = PBXGroup;
			children = (
				9142845426ECB62D005A0E12 /* Grateful.ly.app */,
				9142846526ECB632005A0E12 /* GratefullyTests.xctest */,
			);
			name = Products;
			sourceTree = "<group>";
		};
		9142845626ECB62D005A0E12 /* App */ = {
			isa = PBXGroup;
			children = (
				916FB54326F63F640001043D /* Storage */,
				91FF1D6F26EE3690000E12F0 /* Model */,
				91FF1D7226EE3859000E12F0 /* Business */,
				91EB119926ED1F8900B7FC13 /* UI */,
				9142845726ECB62D005A0E12 /* GratefullyApp.swift */,
				9142845B26ECB632005A0E12 /* Assets.xcassets */,
				9142846026ECB632005A0E12 /* Info.plist */,
				9142845D26ECB632005A0E12 /* Preview Content */,
			);
			path = App;
			sourceTree = "<group>";
		};
		9142845D26ECB632005A0E12 /* Preview Content */ = {
			isa = PBXGroup;
			children = (
				9142845E26ECB632005A0E12 /* Preview Assets.xcassets */,
			);
			path = "Preview Content";
			sourceTree = "<group>";
		};
		9142846826ECB632005A0E12 /* Tests */ = {
			isa = PBXGroup;
			children = (
				916FB54926F683A80001043D /* Storage */,
				916FB54626F654780001043D /* Mocks */,
				916FB54226F61ACB0001043D /* Model */,
				91FF1D7726EE5E74000E12F0 /* Business */,
				9142846B26ECB632005A0E12 /* Info.plist */,
			);
			path = Tests;
			sourceTree = "<group>";
		};
		916FB54226F61ACB0001043D /* Model */ = {
			isa = PBXGroup;
			children = (
				916FB54026F61A630001043D /* DayTime+CaseIterable.swift */,
			);
			path = Model;
			sourceTree = "<group>";
		};
		916FB54326F63F640001043D /* Storage */ = {
			isa = PBXGroup;
			children = (
				916FB54426F63FA30001043D /* LocalStorage.swift */,
			);
			path = Storage;
			sourceTree = "<group>";
		};
		916FB54626F654780001043D /* Mocks */ = {
			isa = PBXGroup;
			children = (
				916FB54726F6549A0001043D /* FakeLocalStorage.swift */,
			);
			path = Mocks;
			sourceTree = "<group>";
		};
		916FB54926F683A80001043D /* Storage */ = {
			isa = PBXGroup;
			children = (
				916FB54A26F683D50001043D /* LocalStorageTests.swift */,
			);
			path = Storage;
			sourceTree = "<group>";
		};
		91EB119926ED1F8900B7FC13 /* UI */ = {
			isa = PBXGroup;
			children = (
				9142845926ECB62D005A0E12 /* MainView.swift */,
			);
			path = UI;
			sourceTree = "<group>";
		};
		91FF1D6F26EE3690000E12F0 /* Model */ = {
			isa = PBXGroup;
			children = (
				91FF1D7026EE3726000E12F0 /* DayTime.swift */,
			);
			path = Model;
			sourceTree = "<group>";
		};
		91FF1D7226EE3859000E12F0 /* Business */ = {
			isa = PBXGroup;
			children = (
				91FF1D7326EE3974000E12F0 /* CheckInProvider.swift */,
			);
			path = Business;
			sourceTree = "<group>";
		};
		91FF1D7726EE5E74000E12F0 /* Business */ = {
			isa = PBXGroup;
			children = (
				91FF1D7526EE3E98000E12F0 /* CheckInProviderTests.swift */,
			);
			path = Business;
			sourceTree = "<group>";
		};
/* End PBXGroup section */

/* Begin PBXNativeTarget section */
		9142845326ECB62D005A0E12 /* Grateful.ly */ = {
			isa = PBXNativeTarget;
			buildConfigurationList = 9142847926ECB632005A0E12 /* Build configuration list for PBXNativeTarget "Grateful.ly" */;
			buildPhases = (
				9142845026ECB62D005A0E12 /* Sources */,
				9142845126ECB62D005A0E12 /* Frameworks */,
				9142845226ECB62D005A0E12 /* Resources */,
				9142848226ECBD73005A0E12 /* Swiftlint */,
			);
			buildRules = (
			);
			dependencies = (
			);
			name = Grateful.ly;
			productName = Grateful.ly;
			productReference = 9142845426ECB62D005A0E12 /* Grateful.ly.app */;
			productType = "com.apple.product-type.application";
		};
		9142846426ECB632005A0E12 /* GratefullyTests */ = {
			isa = PBXNativeTarget;
			buildConfigurationList = 9142847C26ECB632005A0E12 /* Build configuration list for PBXNativeTarget "GratefullyTests" */;
			buildPhases = (
				9142846126ECB632005A0E12 /* Sources */,
				9142846226ECB632005A0E12 /* Frameworks */,
				9142846326ECB632005A0E12 /* Resources */,
				91FF1D6E26EE2EAB000E12F0 /* Swiftlint */,
			);
			buildRules = (
			);
			dependencies = (
				9142846726ECB632005A0E12 /* PBXTargetDependency */,
			);
			name = GratefullyTests;
			productName = Grateful.lyTests;
			productReference = 9142846526ECB632005A0E12 /* GratefullyTests.xctest */;
			productType = "com.apple.product-type.bundle.unit-test";
		};
/* End PBXNativeTarget section */

/* Begin PBXProject section */
		9142844C26ECB62C005A0E12 /* Project object */ = {
			isa = PBXProject;
			attributes = {
				LastSwiftUpdateCheck = 1250;
				LastUpgradeCheck = 1250;
				TargetAttributes = {
					9142845326ECB62D005A0E12 = {
						CreatedOnToolsVersion = 12.5.1;
					};
					9142846426ECB632005A0E12 = {
						CreatedOnToolsVersion = 12.5.1;
						TestTargetID = 9142845326ECB62D005A0E12;
					};
				};
			};
			buildConfigurationList = 9142844F26ECB62C005A0E12 /* Build configuration list for PBXProject "Grateful.ly" */;
			compatibilityVersion = "Xcode 9.3";
			developmentRegion = en;
			hasScannedForEncodings = 0;
			knownRegions = (
				en,
				Base,
			);
			mainGroup = 9142844B26ECB62C005A0E12;
			productRefGroup = 9142845526ECB62D005A0E12 /* Products */;
			projectDirPath = "";
			projectRoot = "";
			targets = (
				9142845326ECB62D005A0E12 /* Grateful.ly */,
				9142846426ECB632005A0E12 /* GratefullyTests */,
			);
		};
/* End PBXProject section */

/* Begin PBXResourcesBuildPhase section */
		9142845226ECB62D005A0E12 /* Resources */ = {
			isa = PBXResourcesBuildPhase;
			buildActionMask = 2147483647;
			files = (
				9142845F26ECB632005A0E12 /* Preview Assets.xcassets in Resources */,
				9142845C26ECB632005A0E12 /* Assets.xcassets in Resources */,
			);
			runOnlyForDeploymentPostprocessing = 0;
		};
		9142846326ECB632005A0E12 /* Resources */ = {
			isa = PBXResourcesBuildPhase;
			buildActionMask = 2147483647;
			files = (
			);
			runOnlyForDeploymentPostprocessing = 0;
		};
/* End PBXResourcesBuildPhase section */

/* Begin PBXShellScriptBuildPhase section */
		9142848226ECBD73005A0E12 /* Swiftlint */ = {
			isa = PBXShellScriptBuildPhase;
			buildActionMask = 2147483647;
			files = (
			);
			inputFileListPaths = (
			);
			inputPaths = (
			);
			name = Swiftlint;
			outputFileListPaths = (
			);
			outputPaths = (
			);
			runOnlyForDeploymentPostprocessing = 0;
			shellPath = /bin/sh;
			shellScript = "if which swiftlint >/dev/null; then\n  swiftlint\nelse\n  echo \"warning: SwiftLint not installed, download from https://github.com/realm/SwiftLint\"\nfi\n";
		};
		91FF1D6E26EE2EAB000E12F0 /* Swiftlint */ = {
			isa = PBXShellScriptBuildPhase;
			buildActionMask = 2147483647;
			files = (
			);
			inputFileListPaths = (
			);
			inputPaths = (
			);
			name = Swiftlint;
			outputFileListPaths = (
			);
			outputPaths = (
			);
			runOnlyForDeploymentPostprocessing = 0;
			shellPath = /bin/sh;
			shellScript = "if which swiftlint >/dev/null; then\n  swiftlint\nelse\n  echo \"warning: SwiftLint not installed, download from https://github.com/realm/SwiftLint\"\nfi\n";
		};
/* End PBXShellScriptBuildPhase section */

/* Begin PBXSourcesBuildPhase section */
		9142845026ECB62D005A0E12 /* Sources */ = {
			isa = PBXSourcesBuildPhase;
			buildActionMask = 2147483647;
			files = (
				9142845A26ECB62D005A0E12 /* MainView.swift in Sources */,
				916FB54526F63FA30001043D /* LocalStorage.swift in Sources */,
				91FF1D7126EE3726000E12F0 /* DayTime.swift in Sources */,
				91FF1D7426EE3974000E12F0 /* CheckInProvider.swift in Sources */,
				9142845826ECB62D005A0E12 /* GratefullyApp.swift in Sources */,
			);
			runOnlyForDeploymentPostprocessing = 0;
		};
		9142846126ECB632005A0E12 /* Sources */ = {
			isa = PBXSourcesBuildPhase;
			buildActionMask = 2147483647;
			files = (
				91FF1D7626EE3E98000E12F0 /* CheckInProviderTests.swift in Sources */,
				916FB54B26F683D50001043D /* LocalStorageTests.swift in Sources */,
				916FB54826F6549A0001043D /* FakeLocalStorage.swift in Sources */,
				916FB54126F61A630001043D /* DayTime+CaseIterable.swift in Sources */,
			);
			runOnlyForDeploymentPostprocessing = 0;
		};
/* End PBXSourcesBuildPhase section */

/* Begin PBXTargetDependency section */
		9142846726ECB632005A0E12 /* PBXTargetDependency */ = {
			isa = PBXTargetDependency;
			target = 9142845326ECB62D005A0E12 /* Grateful.ly */;
			targetProxy = 9142846626ECB632005A0E12 /* PBXContainerItemProxy */;
		};
/* End PBXTargetDependency section */

/* Begin XCBuildConfiguration section */
		9142847726ECB632005A0E12 /* Debug */ = {
			isa = XCBuildConfiguration;
			buildSettings = {
				ALWAYS_SEARCH_USER_PATHS = NO;
				CLANG_ANALYZER_NONNULL = YES;
				CLANG_ANALYZER_NUMBER_OBJECT_CONVERSION = YES_AGGRESSIVE;
				CLANG_CXX_LANGUAGE_STANDARD = "gnu++14";
				CLANG_CXX_LIBRARY = "libc++";
				CLANG_ENABLE_MODULES = YES;
				CLANG_ENABLE_OBJC_ARC = YES;
				CLANG_ENABLE_OBJC_WEAK = YES;
				CLANG_WARN_BLOCK_CAPTURE_AUTORELEASING = YES;
				CLANG_WARN_BOOL_CONVERSION = YES;
				CLANG_WARN_COMMA = YES;
				CLANG_WARN_CONSTANT_CONVERSION = YES;
				CLANG_WARN_DEPRECATED_OBJC_IMPLEMENTATIONS = YES;
				CLANG_WARN_DIRECT_OBJC_ISA_USAGE = YES_ERROR;
				CLANG_WARN_DOCUMENTATION_COMMENTS = YES;
				CLANG_WARN_EMPTY_BODY = YES;
				CLANG_WARN_ENUM_CONVERSION = YES;
				CLANG_WARN_INFINITE_RECURSION = YES;
				CLANG_WARN_INT_CONVERSION = YES;
				CLANG_WARN_NON_LITERAL_NULL_CONVERSION = YES;
				CLANG_WARN_OBJC_IMPLICIT_RETAIN_SELF = YES;
				CLANG_WARN_OBJC_LITERAL_CONVERSION = YES;
				CLANG_WARN_OBJC_ROOT_CLASS = YES_ERROR;
				CLANG_WARN_QUOTED_INCLUDE_IN_FRAMEWORK_HEADER = YES;
				CLANG_WARN_RANGE_LOOP_ANALYSIS = YES;
				CLANG_WARN_STRICT_PROTOTYPES = YES;
				CLANG_WARN_SUSPICIOUS_MOVE = YES;
				CLANG_WARN_UNGUARDED_AVAILABILITY = YES_AGGRESSIVE;
				CLANG_WARN_UNREACHABLE_CODE = YES;
				CLANG_WARN__DUPLICATE_METHOD_MATCH = YES;
				COPY_PHASE_STRIP = NO;
				DEBUG_INFORMATION_FORMAT = dwarf;
				ENABLE_STRICT_OBJC_MSGSEND = YES;
				ENABLE_TESTABILITY = YES;
				GCC_C_LANGUAGE_STANDARD = gnu11;
				GCC_DYNAMIC_NO_PIC = NO;
				GCC_NO_COMMON_BLOCKS = YES;
				GCC_OPTIMIZATION_LEVEL = 0;
				GCC_PREPROCESSOR_DEFINITIONS = (
					"DEBUG=1",
					"$(inherited)",
				);
				GCC_WARN_64_TO_32_BIT_CONVERSION = YES;
				GCC_WARN_ABOUT_RETURN_TYPE = YES_ERROR;
				GCC_WARN_UNDECLARED_SELECTOR = YES;
				GCC_WARN_UNINITIALIZED_AUTOS = YES_AGGRESSIVE;
				GCC_WARN_UNUSED_FUNCTION = YES;
				GCC_WARN_UNUSED_VARIABLE = YES;
				IPHONEOS_DEPLOYMENT_TARGET = 15.0;
				MTL_ENABLE_DEBUG_INFO = INCLUDE_SOURCE;
				MTL_FAST_MATH = YES;
				ONLY_ACTIVE_ARCH = YES;
				SDKROOT = iphoneos;
				SWIFT_ACTIVE_COMPILATION_CONDITIONS = DEBUG;
				SWIFT_OPTIMIZATION_LEVEL = "-Onone";
			};
			name = Debug;
		};
		9142847826ECB632005A0E12 /* Release */ = {
			isa = XCBuildConfiguration;
			buildSettings = {
				ALWAYS_SEARCH_USER_PATHS = NO;
				CLANG_ANALYZER_NONNULL = YES;
				CLANG_ANALYZER_NUMBER_OBJECT_CONVERSION = YES_AGGRESSIVE;
				CLANG_CXX_LANGUAGE_STANDARD = "gnu++14";
				CLANG_CXX_LIBRARY = "libc++";
				CLANG_ENABLE_MODULES = YES;
				CLANG_ENABLE_OBJC_ARC = YES;
				CLANG_ENABLE_OBJC_WEAK = YES;
				CLANG_WARN_BLOCK_CAPTURE_AUTORELEASING = YES;
				CLANG_WARN_BOOL_CONVERSION = YES;
				CLANG_WARN_COMMA = YES;
				CLANG_WARN_CONSTANT_CONVERSION = YES;
				CLANG_WARN_DEPRECATED_OBJC_IMPLEMENTATIONS = YES;
				CLANG_WARN_DIRECT_OBJC_ISA_USAGE = YES_ERROR;
				CLANG_WARN_DOCUMENTATION_COMMENTS = YES;
				CLANG_WARN_EMPTY_BODY = YES;
				CLANG_WARN_ENUM_CONVERSION = YES;
				CLANG_WARN_INFINITE_RECURSION = YES;
				CLANG_WARN_INT_CONVERSION = YES;
				CLANG_WARN_NON_LITERAL_NULL_CONVERSION = YES;
				CLANG_WARN_OBJC_IMPLICIT_RETAIN_SELF = YES;
				CLANG_WARN_OBJC_LITERAL_CONVERSION = YES;
				CLANG_WARN_OBJC_ROOT_CLASS = YES_ERROR;
				CLANG_WARN_QUOTED_INCLUDE_IN_FRAMEWORK_HEADER = YES;
				CLANG_WARN_RANGE_LOOP_ANALYSIS = YES;
				CLANG_WARN_STRICT_PROTOTYPES = YES;
				CLANG_WARN_SUSPICIOUS_MOVE = YES;
				CLANG_WARN_UNGUARDED_AVAILABILITY = YES_AGGRESSIVE;
				CLANG_WARN_UNREACHABLE_CODE = YES;
				CLANG_WARN__DUPLICATE_METHOD_MATCH = YES;
				COPY_PHASE_STRIP = NO;
				DEBUG_INFORMATION_FORMAT = "dwarf-with-dsym";
				ENABLE_NS_ASSERTIONS = NO;
				ENABLE_STRICT_OBJC_MSGSEND = YES;
				GCC_C_LANGUAGE_STANDARD = gnu11;
				GCC_NO_COMMON_BLOCKS = YES;
				GCC_WARN_64_TO_32_BIT_CONVERSION = YES;
				GCC_WARN_ABOUT_RETURN_TYPE = YES_ERROR;
				GCC_WARN_UNDECLARED_SELECTOR = YES;
				GCC_WARN_UNINITIALIZED_AUTOS = YES_AGGRESSIVE;
				GCC_WARN_UNUSED_FUNCTION = YES;
				GCC_WARN_UNUSED_VARIABLE = YES;
				IPHONEOS_DEPLOYMENT_TARGET = 15.0;
				MTL_ENABLE_DEBUG_INFO = NO;
				MTL_FAST_MATH = YES;
				SDKROOT = iphoneos;
				SWIFT_COMPILATION_MODE = wholemodule;
				SWIFT_OPTIMIZATION_LEVEL = "-O";
				VALIDATE_PRODUCT = YES;
			};
			name = Release;
		};
		9142847A26ECB632005A0E12 /* Debug */ = {
			isa = XCBuildConfiguration;
			buildSettings = {
				ASSETCATALOG_COMPILER_APPICON_NAME = AppIcon;
				ASSETCATALOG_COMPILER_GLOBAL_ACCENT_COLOR_NAME = AccentColor;
				CODE_SIGN_STYLE = Automatic;
				DEVELOPMENT_ASSET_PATHS = "\"App/Preview Content\"";
				DEVELOPMENT_TEAM = 6KGZ86RN37;
				ENABLE_PREVIEWS = YES;
				INFOPLIST_FILE = App/Info.plist;
				IPHONEOS_DEPLOYMENT_TARGET = 15.0;
				LD_RUNPATH_SEARCH_PATHS = (
					"$(inherited)",
					"@executable_path/Frameworks",
				);
				PRODUCT_BUNDLE_IDENTIFIER = adamlonda.grateful.ly;
				PRODUCT_MODULE_NAME = Gratefully;
				PRODUCT_NAME = "$(TARGET_NAME)";
				SWIFT_VERSION = 5.0;
				TARGETED_DEVICE_FAMILY = "1,2";
			};
			name = Debug;
		};
		9142847B26ECB632005A0E12 /* Release */ = {
			isa = XCBuildConfiguration;
			buildSettings = {
				ASSETCATALOG_COMPILER_APPICON_NAME = AppIcon;
				ASSETCATALOG_COMPILER_GLOBAL_ACCENT_COLOR_NAME = AccentColor;
				CODE_SIGN_STYLE = Automatic;
				DEVELOPMENT_ASSET_PATHS = "\"App/Preview Content\"";
				DEVELOPMENT_TEAM = 6KGZ86RN37;
				ENABLE_PREVIEWS = YES;
				INFOPLIST_FILE = App/Info.plist;
				IPHONEOS_DEPLOYMENT_TARGET = 15.0;
				LD_RUNPATH_SEARCH_PATHS = (
					"$(inherited)",
					"@executable_path/Frameworks",
				);
				PRODUCT_BUNDLE_IDENTIFIER = adamlonda.grateful.ly;
				PRODUCT_MODULE_NAME = Gratefully;
				PRODUCT_NAME = "$(TARGET_NAME)";
				SWIFT_VERSION = 5.0;
				TARGETED_DEVICE_FAMILY = "1,2";
			};
			name = Release;
		};
		9142847D26ECB632005A0E12 /* Debug */ = {
			isa = XCBuildConfiguration;
			buildSettings = {
				ALWAYS_EMBED_SWIFT_STANDARD_LIBRARIES = YES;
				BUNDLE_LOADER = "$(TEST_HOST)";
				CODE_SIGN_STYLE = Automatic;
				DEVELOPMENT_TEAM = 6KGZ86RN37;
				INFOPLIST_FILE = Tests/Info.plist;
				IPHONEOS_DEPLOYMENT_TARGET = 15.0;
				LD_RUNPATH_SEARCH_PATHS = (
					"$(inherited)",
					"@executable_path/Frameworks",
					"@loader_path/Frameworks",
				);
				PRODUCT_BUNDLE_IDENTIFIER = adamlonda.GratefullyTests;
				PRODUCT_NAME = "$(TARGET_NAME)";
				SWIFT_VERSION = 5.0;
				TARGETED_DEVICE_FAMILY = "1,2";
				TEST_HOST = "$(BUILT_PRODUCTS_DIR)/Grateful.ly.app/Grateful.ly";
			};
			name = Debug;
		};
		9142847E26ECB632005A0E12 /* Release */ = {
			isa = XCBuildConfiguration;
			buildSettings = {
				ALWAYS_EMBED_SWIFT_STANDARD_LIBRARIES = YES;
				BUNDLE_LOADER = "$(TEST_HOST)";
				CODE_SIGN_STYLE = Automatic;
				DEVELOPMENT_TEAM = 6KGZ86RN37;
				INFOPLIST_FILE = Tests/Info.plist;
				IPHONEOS_DEPLOYMENT_TARGET = 15.0;
				LD_RUNPATH_SEARCH_PATHS = (
					"$(inherited)",
					"@executable_path/Frameworks",
					"@loader_path/Frameworks",
				);
				PRODUCT_BUNDLE_IDENTIFIER = adamlonda.GratefullyTests;
				PRODUCT_NAME = "$(TARGET_NAME)";
				SWIFT_VERSION = 5.0;
				TARGETED_DEVICE_FAMILY = "1,2";
				TEST_HOST = "$(BUILT_PRODUCTS_DIR)/Grateful.ly.app/Grateful.ly";
			};
			name = Release;
		};
/* End XCBuildConfiguration section */

/* Begin XCConfigurationList section */
		9142844F26ECB62C005A0E12 /* Build configuration list for PBXProject "Grateful.ly" */ = {
			isa = XCConfigurationList;
			buildConfigurations = (
				9142847726ECB632005A0E12 /* Debug */,
				9142847826ECB632005A0E12 /* Release */,
			);
			defaultConfigurationIsVisible = 0;
			defaultConfigurationName = Release;
		};
		9142847926ECB632005A0E12 /* Build configuration list for PBXNativeTarget "Grateful.ly" */ = {
			isa = XCConfigurationList;
			buildConfigurations = (
				9142847A26ECB632005A0E12 /* Debug */,
				9142847B26ECB632005A0E12 /* Release */,
			);
			defaultConfigurationIsVisible = 0;
			defaultConfigurationName = Release;
		};
		9142847C26ECB632005A0E12 /* Build configuration list for PBXNativeTarget "GratefullyTests" */ = {
			isa = XCConfigurationList;
			buildConfigurations = (
				9142847D26ECB632005A0E12 /* Debug */,
				9142847E26ECB632005A0E12 /* Release */,
			);
			defaultConfigurationIsVisible = 0;
			defaultConfigurationName = Release;
		};
/* End XCConfigurationList section */
	};
	rootObject = 9142844C26ECB62C005A0E12 /* Project object */;
}
